
Microsoft Visual Studio Solution File, Format Version 12.00
# Visual Studio 15
VisualStudioVersion = 15.0.27703.2035
MinimumVisualStudioVersion = 10.0.40219.1
Project("{9A19103F-16F7-4668-BE54-9A1E7A4F7556}") = "GodelTech.CommunityAggregator.Api", "GodelTech.CommunityAggregator.Api\GodelTech.CommunityAggregator.Api.csproj", "{B313967B-FA1B-4762-85F7-EF10F2F041AB}"
EndProject
Project("{FAE04EC0-301F-11D3-BF4B-00C04F79EFBC}") = "GodelTech.CommunityAggregator.Dal", "GodelTech.CommunityAggregator.Dal\GodelTech.CommunityAggregator.Dal.csproj", "{39F843F5-539E-4223-AA8D-8C2C4F93503F}"
EndProject
Project("{FAE04EC0-301F-11D3-BF4B-00C04F79EFBC}") = "GodelTech.CommunityAggregator.Bll", "GodelTech.CommunityAggregator.Bll\GodelTech.CommunityAggregator.Bll.csproj", "{E806BBB9-4C02-444F-8378-67A005BE3D83}"
EndProject
Project("{2150E333-8FDC-42A3-9474-1A3956D46DE8}") = "Tests", "Tests", "{E0CC2947-A1D5-48C7-99A6-A15DE8711160}"
EndProject
Project("{FAE04EC0-301F-11D3-BF4B-00C04F79EFBC}") = "GodelTech.CommunityAggregator.Tests", "GodelTech.CommunityAggregator.Tests\GodelTech.CommunityAggregator.Tests.csproj", "{B42AB37D-4C0A-4C78-A472-2270B402B082}"
EndProject
Global
	GlobalSection(SolutionConfigurationPlatforms) = preSolution
		Debug|Any CPU = Debug|Any CPU
		Release|Any CPU = Release|Any CPU
	EndGlobalSection
	GlobalSection(ProjectConfigurationPlatforms) = postSolution
		{B313967B-FA1B-4762-85F7-EF10F2F041AB}.Debug|Any CPU.ActiveCfg = Debug|Any CPU
		{B313967B-FA1B-4762-85F7-EF10F2F041AB}.Debug|Any CPU.Build.0 = Debug|Any CPU
		{B313967B-FA1B-4762-85F7-EF10F2F041AB}.Release|Any CPU.ActiveCfg = Release|Any CPU
		{B313967B-FA1B-4762-85F7-EF10F2F041AB}.Release|Any CPU.Build.0 = Release|Any CPU
		{39F843F5-539E-4223-AA8D-8C2C4F93503F}.Debug|Any CPU.ActiveCfg = Debug|Any CPU
		{39F843F5-539E-4223-AA8D-8C2C4F93503F}.Debug|Any CPU.Build.0 = Debug|Any CPU
		{39F843F5-539E-4223-AA8D-8C2C4F93503F}.Release|Any CPU.ActiveCfg = Release|Any CPU
		{39F843F5-539E-4223-AA8D-8C2C4F93503F}.Release|Any CPU.Build.0 = Release|Any CPU
		{E806BBB9-4C02-444F-8378-67A005BE3D83}.Debug|Any CPU.ActiveCfg = Debug|Any CPU
		{E806BBB9-4C02-444F-8378-67A005BE3D83}.Debug|Any CPU.Build.0 = Debug|Any CPU
		{E806BBB9-4C02-444F-8378-67A005BE3D83}.Release|Any CPU.ActiveCfg = Release|Any CPU
		{E806BBB9-4C02-444F-8378-67A005BE3D83}.Release|Any CPU.Build.0 = Release|Any CPU
		{B42AB37D-4C0A-4C78-A472-2270B402B082}.Debug|Any CPU.ActiveCfg = Debug|Any CPU
		{B42AB37D-4C0A-4C78-A472-2270B402B082}.Debug|Any CPU.Build.0 = Debug|Any CPU
		{B42AB37D-4C0A-4C78-A472-2270B402B082}.Release|Any CPU.ActiveCfg = Release|Any CPU
		{B42AB37D-4C0A-4C78-A472-2270B402B082}.Release|Any CPU.Build.0 = Release|Any CPU
	EndGlobalSection
	GlobalSection(SolutionProperties) = preSolution
		HideSolutionNode = FALSE
	EndGlobalSection
	GlobalSection(NestedProjects) = preSolution
		{B42AB37D-4C0A-4C78-A472-2270B402B082} = {E0CC2947-A1D5-48C7-99A6-A15DE8711160}
	EndGlobalSection
	GlobalSection(ExtensibilityGlobals) = postSolution
		SolutionGuid = {C69FCB78-528B-45FF-8F3D-66EB7D388830}
	EndGlobalSection
EndGlobal
